
Microsoft Visual Studio Solution File, Format Version 12.00
# Visual Studio Version 17
VisualStudioVersion = 17.3.32811.315
MinimumVisualStudioVersion = 10.0.40219.1
Project("{9A19103F-16F7-4668-BE54-9A1E7A4F7556}") = "Nefarius.Drivers.HidHide", "src\Nefarius.Drivers.HidHide.csproj", "{BB35159C-2813-4D77-AB9E-29AE20CF6183}"
EndProject
Project("{9A19103F-16F7-4668-BE54-9A1E7A4F7556}") = "Tests", "Tests\Tests.csproj", "{2F927944-03B9-4FD3-BF0A-9F66A0EAB142}"
EndProject
Project("{2150E333-8FDC-42A3-9474-1A3956D46DE8}") = "Solution Items", "Solution Items", "{C924BECB-5ABE-45D8-AF77-3752DFE6A7C2}"
	ProjectSection(SolutionItems) = preProject
		.gitattributes = .gitattributes
		.gitignore = .gitignore
		LICENSE = LICENSE
		README.md = README.md
		.github\workflows\build.yml = .github\workflows\build.yml
		.github\workflows\publish-to-nuget.yml = .github\workflows\publish-to-nuget.yml
		.github\workflows\generate-docs.yml = .github\workflows\generate-docs.yml
		nuget.config = nuget.config
	EndProjectSection
EndProject
Project("{2150E333-8FDC-42A3-9474-1A3956D46DE8}") = "Other", "Other", "{FBE5D738-191F-40B6-B36A-ACB5A5FD0E86}"
EndProject
Project("{FAE04EC0-301F-11D3-BF4B-00C04F79EFBC}") = "App", "App\App.csproj", "{26F0B7F8-4FF7-42A7-A822-B1429C86B239}"
EndProject
Global
	GlobalSection(SolutionConfigurationPlatforms) = preSolution
		Debug|Any CPU = Debug|Any CPU
		Release|Any CPU = Release|Any CPU
	EndGlobalSection
	GlobalSection(ProjectConfigurationPlatforms) = postSolution
		{BB35159C-2813-4D77-AB9E-29AE20CF6183}.Debug|Any CPU.ActiveCfg = Debug|Any CPU
		{BB35159C-2813-4D77-AB9E-29AE20CF6183}.Debug|Any CPU.Build.0 = Debug|Any CPU
		{BB35159C-2813-4D77-AB9E-29AE20CF6183}.Release|Any CPU.ActiveCfg = Release|Any CPU
		{BB35159C-2813-4D77-AB9E-29AE20CF6183}.Release|Any CPU.Build.0 = Release|Any CPU
		{2F927944-03B9-4FD3-BF0A-9F66A0EAB142}.Debug|Any CPU.ActiveCfg = Debug|Any CPU
		{2F927944-03B9-4FD3-BF0A-9F66A0EAB142}.Debug|Any CPU.Build.0 = Debug|Any CPU
		{2F927944-03B9-4FD3-BF0A-9F66A0EAB142}.Release|Any CPU.ActiveCfg = Release|Any CPU
		{2F927944-03B9-4FD3-BF0A-9F66A0EAB142}.Release|Any CPU.Build.0 = Release|Any CPU
		{26F0B7F8-4FF7-42A7-A822-B1429C86B239}.Debug|Any CPU.ActiveCfg = Debug|Any CPU
		{26F0B7F8-4FF7-42A7-A822-B1429C86B239}.Debug|Any CPU.Build.0 = Debug|Any CPU
		{26F0B7F8-4FF7-42A7-A822-B1429C86B239}.Release|Any CPU.ActiveCfg = Release|Any CPU
		{26F0B7F8-4FF7-42A7-A822-B1429C86B239}.Release|Any CPU.Build.0 = Release|Any CPU
	EndGlobalSection
	GlobalSection(SolutionProperties) = preSolution
		HideSolutionNode = FALSE
	EndGlobalSection
	GlobalSection(NestedProjects) = preSolution
		{2F927944-03B9-4FD3-BF0A-9F66A0EAB142} = {FBE5D738-191F-40B6-B36A-ACB5A5FD0E86}
		{26F0B7F8-4FF7-42A7-A822-B1429C86B239} = {FBE5D738-191F-40B6-B36A-ACB5A5FD0E86}
	EndGlobalSection
	GlobalSection(ExtensibilityGlobals) = postSolution
		SolutionGuid = {7FAAC21B-569F-43D0-A2C5-1744D85B545C}
	EndGlobalSection
EndGlobal
